// !$*UTF8*$!
{
	archiveVersion = 1;
	classes = {
	};
	objectVersion = 77;
	objects = {

/* Begin PBXContainerItemProxy section */
		7735910A2D509EDE00BB2603 /* PBXContainerItemProxy */ = {
			isa = PBXContainerItemProxy;
			containerPortal = 773590EB2D509EDC00BB2603 /* Project object */;
			proxyType = 1;
			remoteGlobalIDString = 773590F22D509EDC00BB2603;
			remoteInfo = PUserForms;
		};
		773591142D509EDE00BB2603 /* PBXContainerItemProxy */ = {
			isa = PBXContainerItemProxy;
			containerPortal = 773590EB2D509EDC00BB2603 /* Project object */;
			proxyType = 1;
			remoteGlobalIDString = 773590F22D509EDC00BB2603;
			remoteInfo = PUserForms;
		};
/* End PBXContainerItemProxy section */

/* Begin PBXFileReference section */
		773590F32D509EDC00BB2603 /* PUserForms.app */ = {isa = PBXFileReference; explicitFileType = wrapper.application; includeInIndex = 0; path = PUserForms.app; sourceTree = BUILT_PRODUCTS_DIR; };
		773591092D509EDE00BB2603 /* PUserFormsTests.xctest */ = {isa = PBXFileReference; explicitFileType = wrapper.cfbundle; includeInIndex = 0; path = PUserFormsTests.xctest; sourceTree = BUILT_PRODUCTS_DIR; };
		773591132D509EDE00BB2603 /* PUserFormsUITests.xctest */ = {isa = PBXFileReference; explicitFileType = wrapper.cfbundle; includeInIndex = 0; path = PUserFormsUITests.xctest; sourceTree = BUILT_PRODUCTS_DIR; };
/* End PBXFileReference section */

/* Begin PBXFileSystemSynchronizedBuildFileExceptionSet section */
		7735911B2D509EDE00BB2603 /* Exceptions for "PUserForms" folder in "PUserForms" target */ = {
			isa = PBXFileSystemSynchronizedBuildFileExceptionSet;
			membershipExceptions = (
				Info.plist,
			);
			target = 773590F22D509EDC00BB2603 /* PUserForms */;
		};
/* End PBXFileSystemSynchronizedBuildFileExceptionSet section */

/* Begin PBXFileSystemSynchronizedRootGroup section */
		773590F52D509EDC00BB2603 /* PUserForms */ = {
			isa = PBXFileSystemSynchronizedRootGroup;
			exceptions = (
				7735911B2D509EDE00BB2603 /* Exceptions for "PUserForms" folder in "PUserForms" target */,
			);
			path = PUserForms;
			sourceTree = "<group>";
		};
		7735910C2D509EDE00BB2603 /* PUserFormsTests */ = {
			isa = PBXFileSystemSynchronizedRootGroup;
			path = PUserFormsTests;
			sourceTree = "<group>";
		};
		773591162D509EDE00BB2603 /* PUserFormsUITests */ = {
			isa = PBXFileSystemSynchronizedRootGroup;
			path = PUserFormsUITests;
			sourceTree = "<group>";
		};
/* End PBXFileSystemSynchronizedRootGroup section */

/* Begin PBXFrameworksBuildPhase section */
		773590F02D509EDC00BB2603 /* Frameworks */ = {
			isa = PBXFrameworksBuildPhase;
			buildActionMask = 2147483647;
			files = (
			);
			runOnlyForDeploymentPostprocessing = 0;
		};
		773591062D509EDE00BB2603 /* Frameworks */ = {
			isa = PBXFrameworksBuildPhase;
			buildActionMask = 2147483647;
			files = (
			);
			runOnlyForDeploymentPostprocessing = 0;
		};
		773591102D509EDE00BB2603 /* Frameworks */ = {
			isa = PBXFrameworksBuildPhase;
			buildActionMask = 2147483647;
			files = (
			);
			runOnlyForDeploymentPostprocessing = 0;
		};
/* End PBXFrameworksBuildPhase section */

/* Begin PBXGroup section */
		773590EA2D509EDC00BB2603 = {
			isa = PBXGroup;
			children = (
				773590F52D509EDC00BB2603 /* PUserForms */,
				7735910C2D509EDE00BB2603 /* PUserFormsTests */,
				773591162D509EDE00BB2603 /* PUserFormsUITests */,
				773590F42D509EDC00BB2603 /* Products */,
			);
			sourceTree = "<group>";
		};
		773590F42D509EDC00BB2603 /* Products */ = {
			isa = PBXGroup;
			children = (
				773590F32D509EDC00BB2603 /* PUserForms.app */,
				773591092D509EDE00BB2603 /* PUserFormsTests.xctest */,
				773591132D509EDE00BB2603 /* PUserFormsUITests.xctest */,
			);
			name = Products;
			sourceTree = "<group>";
		};
/* End PBXGroup section */

/* Begin PBXNativeTarget section */
		773590F22D509EDC00BB2603 /* PUserForms */ = {
			isa = PBXNativeTarget;
			buildConfigurationList = 7735911C2D509EDE00BB2603 /* Build configuration list for PBXNativeTarget "PUserForms" */;
			buildPhases = (
				773590EF2D509EDC00BB2603 /* Sources */,
				773590F02D509EDC00BB2603 /* Frameworks */,
				773590F12D509EDC00BB2603 /* Resources */,
			);
			buildRules = (
			);
			dependencies = (
			);
			fileSystemSynchronizedGroups = (
				773590F52D509EDC00BB2603 /* PUserForms */,
			);
			name = PUserForms;
			packageProductDependencies = (
			);
			productName = PUserForms;
			productReference = 773590F32D509EDC00BB2603 /* PUserForms.app */;
			productType = "com.apple.product-type.application";
		};
		773591082D509EDE00BB2603 /* PUserFormsTests */ = {
			isa = PBXNativeTarget;
			buildConfigurationList = 773591212D509EDF00BB2603 /* Build configuration list for PBXNativeTarget "PUserFormsTests" */;
			buildPhases = (
				773591052D509EDE00BB2603 /* Sources */,
				773591062D509EDE00BB2603 /* Frameworks */,
				773591072D509EDE00BB2603 /* Resources */,
			);
			buildRules = (
			);
			dependencies = (
				7735910B2D509EDE00BB2603 /* PBXTargetDependency */,
			);
			fileSystemSynchronizedGroups = (
				7735910C2D509EDE00BB2603 /* PUserFormsTests */,
			);
			name = PUserFormsTests;
			packageProductDependencies = (
			);
			productName = PUserFormsTests;
			productReference = 773591092D509EDE00BB2603 /* PUserFormsTests.xctest */;
			productType = "com.apple.product-type.bundle.unit-test";
		};
		773591122D509EDE00BB2603 /* PUserFormsUITests */ = {
			isa = PBXNativeTarget;
			buildConfigurationList = 773591242D509EDF00BB2603 /* Build configuration list for PBXNativeTarget "PUserFormsUITests" */;
			buildPhases = (
				7735910F2D509EDE00BB2603 /* Sources */,
				773591102D509EDE00BB2603 /* Frameworks */,
				773591112D509EDE00BB2603 /* Resources */,
			);
			buildRules = (
			);
			dependencies = (
				773591152D509EDE00BB2603 /* PBXTargetDependency */,
			);
			fileSystemSynchronizedGroups = (
				773591162D509EDE00BB2603 /* PUserFormsUITests */,
			);
			name = PUserFormsUITests;
			packageProductDependencies = (
			);
			productName = PUserFormsUITests;
			productReference = 773591132D509EDE00BB2603 /* PUserFormsUITests.xctest */;
			productType = "com.apple.product-type.bundle.ui-testing";
		};
/* End PBXNativeTarget section */

/* Begin PBXProject section */
		773590EB2D509EDC00BB2603 /* Project object */ = {
			isa = PBXProject;
			attributes = {
				BuildIndependentTargetsInParallel = 1;
				LastSwiftUpdateCheck = 1620;
				LastUpgradeCheck = 1620;
				TargetAttributes = {
					773590F22D509EDC00BB2603 = {
						CreatedOnToolsVersion = 16.2;
					};
					773591082D509EDE00BB2603 = {
						CreatedOnToolsVersion = 16.2;
						TestTargetID = 773590F22D509EDC00BB2603;
					};
					773591122D509EDE00BB2603 = {
						CreatedOnToolsVersion = 16.2;
						TestTargetID = 773590F22D509EDC00BB2603;
					};
				};
			};
			buildConfigurationList = 773590EE2D509EDC00BB2603 /* Build configuration list for PBXProject "PUserForms" */;
			developmentRegion = en;
			hasScannedForEncodings = 0;
			knownRegions = (
				en,
				Base,
			);
			mainGroup = 773590EA2D509EDC00BB2603;
			minimizedProjectReferenceProxies = 1;
			preferredProjectObjectVersion = 77;
			productRefGroup = 773590F42D509EDC00BB2603 /* Products */;
			projectDirPath = "";
			projectRoot = "";
			targets = (
				773590F22D509EDC00BB2603 /* PUserForms */,
				773591082D509EDE00BB2603 /* PUserFormsTests */,
				773591122D509EDE00BB2603 /* PUserFormsUITests */,
			);
		};
/* End PBXProject section */

/* Begin PBXResourcesBuildPhase section */
		773590F12D509EDC00BB2603 /* Resources */ = {
			isa = PBXResourcesBuildPhase;
			buildActionMask = 2147483647;
			files = (
			);
			runOnlyForDeploymentPostprocessing = 0;
		};
		773591072D509EDE00BB2603 /* Resources */ = {
			isa = PBXResourcesBuildPhase;
			buildActionMask = 2147483647;
			files = (
			);
			runOnlyForDeploymentPostprocessing = 0;
		};
		773591112D509EDE00BB2603 /* Resources */ = {
			isa = PBXResourcesBuildPhase;
			buildActionMask = 2147483647;
			files = (
			);
			runOnlyForDeploymentPostprocessing = 0;
		};
/* End PBXResourcesBuildPhase section */

/* Begin PBXSourcesBuildPhase section */
		773590EF2D509EDC00BB2603 /* Sources */ = {
			isa = PBXSourcesBuildPhase;
			buildActionMask = 2147483647;
			files = (
			);
			runOnlyForDeploymentPostprocessing = 0;
		};
		773591052D509EDE00BB2603 /* Sources */ = {
			isa = PBXSourcesBuildPhase;
			buildActionMask = 2147483647;
			files = (
			);
			runOnlyForDeploymentPostprocessing = 0;
		};
		7735910F2D509EDE00BB2603 /* Sources */ = {
			isa = PBXSourcesBuildPhase;
			buildActionMask = 2147483647;
			files = (
			);
			runOnlyForDeploymentPostprocessing = 0;
		};
/* End PBXSourcesBuildPhase section */

/* Begin PBXTargetDependency section */
		7735910B2D509EDE00BB2603 /* PBXTargetDependency */ = {
			isa = PBXTargetDependency;
			target = 773590F22D509EDC00BB2603 /* PUserForms */;
			targetProxy = 7735910A2D509EDE00BB2603 /* PBXContainerItemProxy */;
		};
		773591152D509EDE00BB2603 /* PBXTargetDependency */ = {
			isa = PBXTargetDependency;
			target = 773590F22D509EDC00BB2603 /* PUserForms */;
			targetProxy = 773591142D509EDE00BB2603 /* PBXContainerItemProxy */;
		};
/* End PBXTargetDependency section */

/* Begin XCBuildConfiguration section */
		7735911D2D509EDE00BB2603 /* Debug */ = {
			isa = XCBuildConfiguration;
			buildSettings = {
				ASSETCATALOG_COMPILER_APPICON_NAME = AppIcon;
				ASSETCATALOG_COMPILER_GLOBAL_ACCENT_COLOR_NAME = AccentColor;
				CODE_SIGN_STYLE = Automatic;
				CURRENT_PROJECT_VERSION = 1;
				DEVELOPMENT_TEAM = 25Z9W56K7Q;
				GENERATE_INFOPLIST_FILE = YES;
				INFOPLIST_FILE = PUserForms/Info.plist;
				INFOPLIST_KEY_UIApplicationSupportsIndirectInputEvents = YES;
				INFOPLIST_KEY_UILaunchStoryboardName = LaunchScreen;
				INFOPLIST_KEY_UISupportedInterfaceOrientations_iPad = "UIInterfaceOrientationPortrait UIInterfaceOrientationPortraitUpsideDown UIInterfaceOrientationLandscapeLeft UIInterfaceOrientationLandscapeRight";
				INFOPLIST_KEY_UISupportedInterfaceOrientations_iPhone = "UIInterfaceOrientationPortrait UIInterfaceOrientationLandscapeLeft UIInterfaceOrientationLandscapeRight";
				LD_RUNPATH_SEARCH_PATHS = (
					"$(inherited)",
					"@executable_path/Frameworks",
				);
				MARKETING_VERSION = 1.0;
				PRODUCT_BUNDLE_IDENTIFIER = sample.PUserForms;
				PRODUCT_NAME = "$(TARGET_NAME)";
				SWIFT_EMIT_LOC_STRINGS = YES;
				SWIFT_VERSION = 5.0;
				TARGETED_DEVICE_FAMILY = "1,2";
			};
			name = Debug;
		};
		7735911E2D509EDE00BB2603 /* Release */ = {
			isa = XCBuildConfiguration;
			buildSettings = {
				ASSETCATALOG_COMPILER_APPICON_NAME = AppIcon;
				ASSETCATALOG_COMPILER_GLOBAL_ACCENT_COLOR_NAME = AccentColor;
				CODE_SIGN_STYLE = Automatic;
				CURRENT_PROJECT_VERSION = 1;
				DEVELOPMENT_TEAM = 25Z9W56K7Q;
				GENERATE_INFOPLIST_FILE = YES;
				INFOPLIST_FILE = PUserForms/Info.plist;
				INFOPLIST_KEY_UIApplicationSupportsIndirectInputEvents = YES;
				INFOPLIST_KEY_UILaunchStoryboardName = LaunchScreen;
				INFOPLIST_KEY_UISupportedInterfaceOrientations_iPad = "UIInterfaceOrientationPortrait UIInterfaceOrientationPortraitUpsideDown UIInterfaceOrientationLandscapeLeft UIInterfaceOrientationLandscapeRight";
				INFOPLIST_KEY_UISupportedInterfaceOrientations_iPhone = "UIInterfaceOrientationPortrait UIInterfaceOrientationLandscapeLeft UIInterfaceOrientationLandscapeRight";
				LD_RUNPATH_SEARCH_PATHS = (
					"$(inherited)",
					"@executable_path/Frameworks",
				);
				MARKETING_VERSION = 1.0;
				PRODUCT_BUNDLE_IDENTIFIER = sample.PUserForms;
				PRODUCT_NAME = "$(TARGET_NAME)";
				SWIFT_EMIT_LOC_STRINGS = YES;
				SWIFT_VERSION = 5.0;
				TARGETED_DEVICE_FAMILY = "1,2";
			};
			name = Release;
		};
		7735911F2D509EDE00BB2603 /* Debug */ = {
			isa = XCBuildConfiguration;
			buildSettings = {
				ALWAYS_SEARCH_USER_PATHS = NO;
				ASSETCATALOG_COMPILER_GENERATE_SWIFT_ASSET_SYMBOL_EXTENSIONS = YES;
				CLANG_ANALYZER_NONNULL = YES;
				CLANG_ANALYZER_NUMBER_OBJECT_CONVERSION = YES_AGGRESSIVE;
				CLANG_CXX_LANGUAGE_STANDARD = "gnu++20";
				CLANG_ENABLE_MODULES = YES;
				CLANG_ENABLE_OBJC_ARC = YES;
				CLANG_ENABLE_OBJC_WEAK = YES;
				CLANG_WARN_BLOCK_CAPTURE_AUTORELEASING = YES;
				CLANG_WARN_BOOL_CONVERSION = YES;
				CLANG_WARN_COMMA = YES;
				CLANG_WARN_CONSTANT_CONVERSION = YES;
				CLANG_WARN_DEPRECATED_OBJC_IMPLEMENTATIONS = YES;
				CLANG_WARN_DIRECT_OBJC_ISA_USAGE = YES_ERROR;
				CLANG_WARN_DOCUMENTATION_COMMENTS = YES;
				CLANG_WARN_EMPTY_BODY = YES;
				CLANG_WARN_ENUM_CONVERSION = YES;
				CLANG_WARN_INFINITE_RECURSION = YES;
				CLANG_WARN_INT_CONVERSION = YES;
				CLANG_WARN_NON_LITERAL_NULL_CONVERSION = YES;
				CLANG_WARN_OBJC_IMPLICIT_RETAIN_SELF = YES;
				CLANG_WARN_OBJC_LITERAL_CONVERSION = YES;
				CLANG_WARN_OBJC_ROOT_CLASS = YES_ERROR;
				CLANG_WARN_QUOTED_INCLUDE_IN_FRAMEWORK_HEADER = YES;
				CLANG_WARN_RANGE_LOOP_ANALYSIS = YES;
				CLANG_WARN_STRICT_PROTOTYPES = YES;
				CLANG_WARN_SUSPICIOUS_MOVE = YES;
				CLANG_WARN_UNGUARDED_AVAILABILITY = YES_AGGRESSIVE;
				CLANG_WARN_UNREACHABLE_CODE = YES;
				CLANG_WARN__DUPLICATE_METHOD_MATCH = YES;
				COPY_PHASE_STRIP = NO;
				DEBUG_INFORMATION_FORMAT = dwarf;
				ENABLE_STRICT_OBJC_MSGSEND = YES;
				ENABLE_TESTABILITY = YES;
				ENABLE_USER_SCRIPT_SANDBOXING = YES;
				GCC_C_LANGUAGE_STANDARD = gnu17;
				GCC_DYNAMIC_NO_PIC = NO;
				GCC_NO_COMMON_BLOCKS = YES;
				GCC_OPTIMIZATION_LEVEL = 0;
				GCC_PREPROCESSOR_DEFINITIONS = (
					"DEBUG=1",
					"$(inherited)",
				);
				GCC_WARN_64_TO_32_BIT_CONVERSION = YES;
				GCC_WARN_ABOUT_RETURN_TYPE = YES_ERROR;
				GCC_WARN_UNDECLARED_SELECTOR = YES;
				GCC_WARN_UNINITIALIZED_AUTOS = YES_AGGRESSIVE;
				GCC_WARN_UNUSED_FUNCTION = YES;
				GCC_WARN_UNUSED_VARIABLE = YES;
				IPHONEOS_DEPLOYMENT_TARGET = 18.2;
				LOCALIZATION_PREFERS_STRING_CATALOGS = YES;
				MTL_ENABLE_DEBUG_INFO = INCLUDE_SOURCE;
				MTL_FAST_MATH = YES;
				ONLY_ACTIVE_ARCH = YES;
				SDKROOT = iphoneos;
				SWIFT_ACTIVE_COMPILATION_CONDITIONS = "DEBUG $(inherited)";
				SWIFT_OPTIMIZATION_LEVEL = "-Onone";
			};
			name = Debug;
		};
		773591202D509EDE00BB2603 /* Release */ = {
			isa = XCBuildConfiguration;
			buildSettings = {
				ALWAYS_SEARCH_USER_PATHS = NO;
				ASSETCATALOG_COMPILER_GENERATE_SWIFT_ASSET_SYMBOL_EXTENSIONS = YES;
				CLANG_ANALYZER_NONNULL = YES;
				CLANG_ANALYZER_NUMBER_OBJECT_CONVERSION = YES_AGGRESSIVE;
				CLANG_CXX_LANGUAGE_STANDARD = "gnu++20";
				CLANG_ENABLE_MODULES = YES;
				CLANG_ENABLE_OBJC_ARC = YES;
				CLANG_ENABLE_OBJC_WEAK = YES;
				CLANG_WARN_BLOCK_CAPTURE_AUTORELEASING = YES;
				CLANG_WARN_BOOL_CONVERSION = YES;
				CLANG_WARN_COMMA = YES;
				CLANG_WARN_CONSTANT_CONVERSION = YES;
				CLANG_WARN_DEPRECATED_OBJC_IMPLEMENTATIONS = YES;
				CLANG_WARN_DIRECT_OBJC_ISA_USAGE = YES_ERROR;
				CLANG_WARN_DOCUMENTATION_COMMENTS = YES;
				CLANG_WARN_EMPTY_BODY = YES;
				CLANG_WARN_ENUM_CONVERSION = YES;
				CLANG_WARN_INFINITE_RECURSION = YES;
				CLANG_WARN_INT_CONVERSION = YES;
				CLANG_WARN_NON_LITERAL_NULL_CONVERSION = YES;
				CLANG_WARN_OBJC_IMPLICIT_RETAIN_SELF = YES;
				CLANG_WARN_OBJC_LITERAL_CONVERSION = YES;
				CLANG_WARN_OBJC_ROOT_CLASS = YES_ERROR;
				CLANG_WARN_QUOTED_INCLUDE_IN_FRAMEWORK_HEADER = YES;
				CLANG_WARN_RANGE_LOOP_ANALYSIS = YES;
				CLANG_WARN_STRICT_PROTOTYPES = YES;
				CLANG_WARN_SUSPICIOUS_MOVE = YES;
				CLANG_WARN_UNGUARDED_AVAILABILITY = YES_AGGRESSIVE;
				CLANG_WARN_UNREACHABLE_CODE = YES;
				CLANG_WARN__DUPLICATE_METHOD_MATCH = YES;
				COPY_PHASE_STRIP = NO;
				DEBUG_INFORMATION_FORMAT = "dwarf-with-dsym";
				ENABLE_NS_ASSERTIONS = NO;
				ENABLE_STRICT_OBJC_MSGSEND = YES;
				ENABLE_USER_SCRIPT_SANDBOXING = YES;
				GCC_C_LANGUAGE_STANDARD = gnu17;
				GCC_NO_COMMON_BLOCKS = YES;
				GCC_WARN_64_TO_32_BIT_CONVERSION = YES;
				GCC_WARN_ABOUT_RETURN_TYPE = YES_ERROR;
				GCC_WARN_UNDECLARED_SELECTOR = YES;
				GCC_WARN_UNINITIALIZED_AUTOS = YES_AGGRESSIVE;
				GCC_WARN_UNUSED_FUNCTION = YES;
				GCC_WARN_UNUSED_VARIABLE = YES;
				IPHONEOS_DEPLOYMENT_TARGET = 18.2;
				LOCALIZATION_PREFERS_STRING_CATALOGS = YES;
				MTL_ENABLE_DEBUG_INFO = NO;
				MTL_FAST_MATH = YES;
				SDKROOT = iphoneos;
				SWIFT_COMPILATION_MODE = wholemodule;
				VALIDATE_PRODUCT = YES;
			};
			name = Release;
		};
		773591222D509EDF00BB2603 /* Debug */ = {
			isa = XCBuildConfiguration;
			buildSettings = {
				BUNDLE_LOADER = "$(TEST_HOST)";
				CODE_SIGN_STYLE = Automatic;
				CURRENT_PROJECT_VERSION = 1;
				DEVELOPMENT_TEAM = 25Z9W56K7Q;
				GENERATE_INFOPLIST_FILE = YES;
				IPHONEOS_DEPLOYMENT_TARGET = 18.2;
				MARKETING_VERSION = 1.0;
				PRODUCT_BUNDLE_IDENTIFIER = sample.PUserFormsTests;
				PRODUCT_NAME = "$(TARGET_NAME)";
				SWIFT_EMIT_LOC_STRINGS = NO;
				SWIFT_VERSION = 5.0;
				TARGETED_DEVICE_FAMILY = "1,2";
				TEST_HOST = "$(BUILT_PRODUCTS_DIR)/PUserForms.app/$(BUNDLE_EXECUTABLE_FOLDER_PATH)/PUserForms";
			};
			name = Debug;
		};
		773591232D509EDF00BB2603 /* Release */ = {
			isa = XCBuildConfiguration;
			buildSettings = {
				BUNDLE_LOADER = "$(TEST_HOST)";
				CODE_SIGN_STYLE = Automatic;
				CURRENT_PROJECT_VERSION = 1;
				DEVELOPMENT_TEAM = 25Z9W56K7Q;
				GENERATE_INFOPLIST_FILE = YES;
				IPHONEOS_DEPLOYMENT_TARGET = 18.2;
				MARKETING_VERSION = 1.0;
				PRODUCT_BUNDLE_IDENTIFIER = sample.PUserFormsTests;
				PRODUCT_NAME = "$(TARGET_NAME)";
				SWIFT_EMIT_LOC_STRINGS = NO;
				SWIFT_VERSION = 5.0;
				TARGETED_DEVICE_FAMILY = "1,2";
				TEST_HOST = "$(BUILT_PRODUCTS_DIR)/PUserForms.app/$(BUNDLE_EXECUTABLE_FOLDER_PATH)/PUserForms";
			};
			name = Release;
		};
		773591252D509EDF00BB2603 /* Debug */ = {
			isa = XCBuildConfiguration;
			buildSettings = {
				CODE_SIGN_STYLE = Automatic;
				CURRENT_PROJECT_VERSION = 1;
				DEVELOPMENT_TEAM = 25Z9W56K7Q;
				GENERATE_INFOPLIST_FILE = YES;
				MARKETING_VERSION = 1.0;
				PRODUCT_BUNDLE_IDENTIFIER = sample.PUserFormsUITests;
				PRODUCT_NAME = "$(TARGET_NAME)";
				SWIFT_EMIT_LOC_STRINGS = NO;
				SWIFT_VERSION = 5.0;
				TARGETED_DEVICE_FAMILY = "1,2";
				TEST_TARGET_NAME = PUserForms;
			};
			name = Debug;
		};
		773591262D509EDF00BB2603 /* Release */ = {
			isa = XCBuildConfiguration;
			buildSettings = {
				CODE_SIGN_STYLE = Automatic;
				CURRENT_PROJECT_VERSION = 1;
				DEVELOPMENT_TEAM = 25Z9W56K7Q;
				GENERATE_INFOPLIST_FILE = YES;
				MARKETING_VERSION = 1.0;
				PRODUCT_BUNDLE_IDENTIFIER = sample.PUserFormsUITests;
				PRODUCT_NAME = "$(TARGET_NAME)";
				SWIFT_EMIT_LOC_STRINGS = NO;
				SWIFT_VERSION = 5.0;
				TARGETED_DEVICE_FAMILY = "1,2";
				TEST_TARGET_NAME = PUserForms;
			};
			name = Release;
		};
/* End XCBuildConfiguration section */

/* Begin XCConfigurationList section */
		773590EE2D509EDC00BB2603 /* Build configuration list for PBXProject "PUserForms" */ = {
			isa = XCConfigurationList;
			buildConfigurations = (
				7735911F2D509EDE00BB2603 /* Debug */,
				773591202D509EDE00BB2603 /* Release */,
			);
			defaultConfigurationIsVisible = 0;
			defaultConfigurationName = Release;
		};
		7735911C2D509EDE00BB2603 /* Build configuration list for PBXNativeTarget "PUserForms" */ = {
			isa = XCConfigurationList;
			buildConfigurations = (
				7735911D2D509EDE00BB2603 /* Debug */,
				7735911E2D509EDE00BB2603 /* Release */,
			);
			defaultConfigurationIsVisible = 0;
			defaultConfigurationName = Release;
		};
		773591212D509EDF00BB2603 /* Build configuration list for PBXNativeTarget "PUserFormsTests" */ = {
			isa = XCConfigurationList;
			buildConfigurations = (
				773591222D509EDF00BB2603 /* Debug */,
				773591232D509EDF00BB2603 /* Release */,
			);
			defaultConfigurationIsVisible = 0;
			defaultConfigurationName = Release;
		};
		773591242D509EDF00BB2603 /* Build configuration list for PBXNativeTarget "PUserFormsUITests" */ = {
			isa = XCConfigurationList;
			buildConfigurations = (
				773591252D509EDF00BB2603 /* Debug */,
				773591262D509EDF00BB2603 /* Release */,
			);
			defaultConfigurationIsVisible = 0;
			defaultConfigurationName = Release;
		};
/* End XCConfigurationList section */
	};
	rootObject = 773590EB2D509EDC00BB2603 /* Project object */;
}
